// !$*UTF8*$!
{
	archiveVersion = 1;
	classes = {
	};
	objectVersion = 56;
	objects = {

/* Begin PBXBuildFile section */
		010530BD2920AC26001E3F69 /* Cloudinary in Frameworks */ = {isa = PBXBuildFile; productRef = 010530BC2920AC26001E3F69 /* Cloudinary */; };
		011A20292917139600C46D76 /* Drawer.swift in Sources */ = {isa = PBXBuildFile; fileRef = 011A20282917139600C46D76 /* Drawer.swift */; };
		011A202B291713A000C46D76 /* Home.swift in Sources */ = {isa = PBXBuildFile; fileRef = 011A202A291713A000C46D76 /* Home.swift */; };
		011A202D291713B200C46D76 /* MenuButton.swift in Sources */ = {isa = PBXBuildFile; fileRef = 011A202C291713B200C46D76 /* MenuButton.swift */; };
		011A2031291713EF00C46D76 /* MenuModel.swift in Sources */ = {isa = PBXBuildFile; fileRef = 011A2030291713EF00C46D76 /* MenuModel.swift */; };
		011A20332917142700C46D76 /* ContentView.swift in Sources */ = {isa = PBXBuildFile; fileRef = 011A20322917142700C46D76 /* ContentView.swift */; };
		011A2037291714F500C46D76 /* Cart.swift in Sources */ = {isa = PBXBuildFile; fileRef = 011A2036291714F500C46D76 /* Cart.swift */; };
		011A203B2917152F00C46D76 /* Favourites.swift in Sources */ = {isa = PBXBuildFile; fileRef = 011A203A2917152F00C46D76 /* Favourites.swift */; };
		011A203D2917153D00C46D76 /* Orders.swift in Sources */ = {isa = PBXBuildFile; fileRef = 011A203C2917153D00C46D76 /* Orders.swift */; };
		011A204129171DFA00C46D76 /* ListaGastosView.swift in Sources */ = {isa = PBXBuildFile; fileRef = 011A204029171DFA00C46D76 /* ListaGastosView.swift */; };
		011A204329172D4200C46D76 /* NewGasto.swift in Sources */ = {isa = PBXBuildFile; fileRef = 011A204229172D4200C46D76 /* NewGasto.swift */; };
		011ED578291225C200EE1FFD /* RegisterView.swift in Sources */ = {isa = PBXBuildFile; fileRef = 011ED577291225C200EE1FFD /* RegisterView.swift */; };
		011ED57A2912324800EE1FFD /* LoginView.swift in Sources */ = {isa = PBXBuildFile; fileRef = 011ED5792912324800EE1FFD /* LoginView.swift */; };
		011ED57C291232E700EE1FFD /* RecoveryPasswordView.swift in Sources */ = {isa = PBXBuildFile; fileRef = 011ED57B291232E700EE1FFD /* RecoveryPasswordView.swift */; };
		013C0F682919DF06005944E4 /* DetalleGastoView.swift in Sources */ = {isa = PBXBuildFile; fileRef = 013C0F672919DF06005944E4 /* DetalleGastoView.swift */; };
		013CF5412921498100118E77 /* AlertMessage in Frameworks */ = {isa = PBXBuildFile; productRef = 013CF5402921498100118E77 /* AlertMessage */; };
		013CF5442921627700118E77 /* Camera-SwiftUI in Frameworks */ = {isa = PBXBuildFile; productRef = 013CF5432921627700118E77 /* Camera-SwiftUI */; };
		015E2F53291309A7004B4698 /* ListaCrearGastoView.swift in Sources */ = {isa = PBXBuildFile; fileRef = 015E2F52291309A7004B4698 /* ListaCrearGastoView.swift */; };
		01915A2F291DBF9C00A72480 /* Configuration.swift in Sources */ = {isa = PBXBuildFile; fileRef = 01915A2E291DBF9C00A72480 /* Configuration.swift */; };
		01F4FD8E2911EFF100A7D1E2 /* Venegas_Tax_ServiceApp.swift in Sources */ = {isa = PBXBuildFile; fileRef = 01F4FD8D2911EFF100A7D1E2 /* Venegas_Tax_ServiceApp.swift */; };
		01F4FD922911EFF200A7D1E2 /* Assets.xcassets in Resources */ = {isa = PBXBuildFile; fileRef = 01F4FD912911EFF200A7D1E2 /* Assets.xcassets */; };
		01F4FD952911EFF200A7D1E2 /* Preview Assets.xcassets in Resources */ = {isa = PBXBuildFile; fileRef = 01F4FD942911EFF200A7D1E2 /* Preview Assets.xcassets */; };
		01F4FD9F2911EFF200A7D1E2 /* Venegas_Tax_ServiceTests.swift in Sources */ = {isa = PBXBuildFile; fileRef = 01F4FD9E2911EFF200A7D1E2 /* Venegas_Tax_ServiceTests.swift */; };
		01F4FDA92911EFF200A7D1E2 /* Venegas_Tax_ServiceUITests.swift in Sources */ = {isa = PBXBuildFile; fileRef = 01F4FDA82911EFF200A7D1E2 /* Venegas_Tax_ServiceUITests.swift */; };
		01F4FDAB2911EFF200A7D1E2 /* Venegas_Tax_ServiceUITestsLaunchTests.swift in Sources */ = {isa = PBXBuildFile; fileRef = 01F4FDAA2911EFF200A7D1E2 /* Venegas_Tax_ServiceUITestsLaunchTests.swift */; };
		01F4FDB82911F66A00A7D1E2 /* SplashScreenView.swift in Sources */ = {isa = PBXBuildFile; fileRef = 01F4FDB72911F66A00A7D1E2 /* SplashScreenView.swift */; };
		01FB92C3291DD7F600468A26 /* CategoriaModel.swift in Sources */ = {isa = PBXBuildFile; fileRef = 01FB92C2291DD7F600468A26 /* CategoriaModel.swift */; };
		01FB92C7291DECDA00468A26 /* GastoModel.swift in Sources */ = {isa = PBXBuildFile; fileRef = 01FB92C6291DECDA00468A26 /* GastoModel.swift */; };
		01FB92C9291E04C400468A26 /* Persistencia.swift in Sources */ = {isa = PBXBuildFile; fileRef = 01FB92C8291E04C400468A26 /* Persistencia.swift */; };
/* End PBXBuildFile section */

/* Begin PBXContainerItemProxy section */
		01F4FD9B2911EFF200A7D1E2 /* PBXContainerItemProxy */ = {
			isa = PBXContainerItemProxy;
			containerPortal = 01F4FD822911EFF100A7D1E2 /* Project object */;
			proxyType = 1;
			remoteGlobalIDString = 01F4FD892911EFF100A7D1E2;
			remoteInfo = "Venegas Tax Service";
		};
		01F4FDA52911EFF200A7D1E2 /* PBXContainerItemProxy */ = {
			isa = PBXContainerItemProxy;
			containerPortal = 01F4FD822911EFF100A7D1E2 /* Project object */;
			proxyType = 1;
			remoteGlobalIDString = 01F4FD892911EFF100A7D1E2;
			remoteInfo = "Venegas Tax Service";
		};
/* End PBXContainerItemProxy section */

/* Begin PBXFileReference section */
		011A20282917139600C46D76 /* Drawer.swift */ = {isa = PBXFileReference; lastKnownFileType = sourcecode.swift; path = Drawer.swift; sourceTree = "<group>"; };
		011A202A291713A000C46D76 /* Home.swift */ = {isa = PBXFileReference; lastKnownFileType = sourcecode.swift; path = Home.swift; sourceTree = "<group>"; };
		011A202C291713B200C46D76 /* MenuButton.swift */ = {isa = PBXFileReference; lastKnownFileType = sourcecode.swift; path = MenuButton.swift; sourceTree = "<group>"; };
		011A2030291713EF00C46D76 /* MenuModel.swift */ = {isa = PBXFileReference; lastKnownFileType = sourcecode.swift; path = MenuModel.swift; sourceTree = "<group>"; };
		011A20322917142700C46D76 /* ContentView.swift */ = {isa = PBXFileReference; lastKnownFileType = sourcecode.swift; path = ContentView.swift; sourceTree = "<group>"; };
		011A2036291714F500C46D76 /* Cart.swift */ = {isa = PBXFileReference; lastKnownFileType = sourcecode.swift; path = Cart.swift; sourceTree = "<group>"; };
		011A203A2917152F00C46D76 /* Favourites.swift */ = {isa = PBXFileReference; lastKnownFileType = sourcecode.swift; path = Favourites.swift; sourceTree = "<group>"; };
		011A203C2917153D00C46D76 /* Orders.swift */ = {isa = PBXFileReference; lastKnownFileType = sourcecode.swift; path = Orders.swift; sourceTree = "<group>"; };
		011A204029171DFA00C46D76 /* ListaGastosView.swift */ = {isa = PBXFileReference; lastKnownFileType = sourcecode.swift; path = ListaGastosView.swift; sourceTree = "<group>"; };
		011A204229172D4200C46D76 /* NewGasto.swift */ = {isa = PBXFileReference; lastKnownFileType = sourcecode.swift; path = NewGasto.swift; sourceTree = "<group>"; };
		011ED577291225C200EE1FFD /* RegisterView.swift */ = {isa = PBXFileReference; lastKnownFileType = sourcecode.swift; path = RegisterView.swift; sourceTree = "<group>"; };
		011ED5792912324800EE1FFD /* LoginView.swift */ = {isa = PBXFileReference; lastKnownFileType = sourcecode.swift; path = LoginView.swift; sourceTree = "<group>"; };
		011ED57B291232E700EE1FFD /* RecoveryPasswordView.swift */ = {isa = PBXFileReference; lastKnownFileType = sourcecode.swift; path = RecoveryPasswordView.swift; sourceTree = "<group>"; };
		013C0F672919DF06005944E4 /* DetalleGastoView.swift */ = {isa = PBXFileReference; lastKnownFileType = sourcecode.swift; path = DetalleGastoView.swift; sourceTree = "<group>"; };
		013CF5452921631000118E77 /* Venegas-Tax-Service-Info.plist */ = {isa = PBXFileReference; lastKnownFileType = text.plist; path = "Venegas-Tax-Service-Info.plist"; sourceTree = SOURCE_ROOT; };
		015E2F52291309A7004B4698 /* ListaCrearGastoView.swift */ = {isa = PBXFileReference; lastKnownFileType = sourcecode.swift; path = ListaCrearGastoView.swift; sourceTree = "<group>"; };
		01915A2E291DBF9C00A72480 /* Configuration.swift */ = {isa = PBXFileReference; lastKnownFileType = sourcecode.swift; path = Configuration.swift; sourceTree = "<group>"; };
		01F4FD8A2911EFF100A7D1E2 /* Venegas Tax Service.app */ = {isa = PBXFileReference; explicitFileType = wrapper.application; includeInIndex = 0; path = "Venegas Tax Service.app"; sourceTree = BUILT_PRODUCTS_DIR; };
		01F4FD8D2911EFF100A7D1E2 /* Venegas_Tax_ServiceApp.swift */ = {isa = PBXFileReference; lastKnownFileType = sourcecode.swift; path = Venegas_Tax_ServiceApp.swift; sourceTree = "<group>"; };
		01F4FD912911EFF200A7D1E2 /* Assets.xcassets */ = {isa = PBXFileReference; lastKnownFileType = folder.assetcatalog; path = Assets.xcassets; sourceTree = "<group>"; };
		01F4FD942911EFF200A7D1E2 /* Preview Assets.xcassets */ = {isa = PBXFileReference; lastKnownFileType = folder.assetcatalog; path = "Preview Assets.xcassets"; sourceTree = "<group>"; };
		01F4FD9A2911EFF200A7D1E2 /* Venegas Tax ServiceTests.xctest */ = {isa = PBXFileReference; explicitFileType = wrapper.cfbundle; includeInIndex = 0; path = "Venegas Tax ServiceTests.xctest"; sourceTree = BUILT_PRODUCTS_DIR; };
		01F4FD9E2911EFF200A7D1E2 /* Venegas_Tax_ServiceTests.swift */ = {isa = PBXFileReference; lastKnownFileType = sourcecode.swift; path = Venegas_Tax_ServiceTests.swift; sourceTree = "<group>"; };
		01F4FDA42911EFF200A7D1E2 /* Venegas Tax ServiceUITests.xctest */ = {isa = PBXFileReference; explicitFileType = wrapper.cfbundle; includeInIndex = 0; path = "Venegas Tax ServiceUITests.xctest"; sourceTree = BUILT_PRODUCTS_DIR; };
		01F4FDA82911EFF200A7D1E2 /* Venegas_Tax_ServiceUITests.swift */ = {isa = PBXFileReference; lastKnownFileType = sourcecode.swift; path = Venegas_Tax_ServiceUITests.swift; sourceTree = "<group>"; };
		01F4FDAA2911EFF200A7D1E2 /* Venegas_Tax_ServiceUITestsLaunchTests.swift */ = {isa = PBXFileReference; lastKnownFileType = sourcecode.swift; path = Venegas_Tax_ServiceUITestsLaunchTests.swift; sourceTree = "<group>"; };
		01F4FDB72911F66A00A7D1E2 /* SplashScreenView.swift */ = {isa = PBXFileReference; lastKnownFileType = sourcecode.swift; path = SplashScreenView.swift; sourceTree = "<group>"; };
		01FB92C2291DD7F600468A26 /* CategoriaModel.swift */ = {isa = PBXFileReference; lastKnownFileType = sourcecode.swift; path = CategoriaModel.swift; sourceTree = "<group>"; };
		01FB92C6291DECDA00468A26 /* GastoModel.swift */ = {isa = PBXFileReference; lastKnownFileType = sourcecode.swift; path = GastoModel.swift; sourceTree = "<group>"; };
		01FB92C8291E04C400468A26 /* Persistencia.swift */ = {isa = PBXFileReference; lastKnownFileType = sourcecode.swift; path = Persistencia.swift; sourceTree = "<group>"; };
/* End PBXFileReference section */

/* Begin PBXFrameworksBuildPhase section */
		01F4FD872911EFF100A7D1E2 /* Frameworks */ = {
			isa = PBXFrameworksBuildPhase;
			buildActionMask = 2147483647;
			files = (
				010530BD2920AC26001E3F69 /* Cloudinary in Frameworks */,
				013CF5442921627700118E77 /* Camera-SwiftUI in Frameworks */,
				013CF5412921498100118E77 /* AlertMessage in Frameworks */,
			);
			runOnlyForDeploymentPostprocessing = 0;
		};
		01F4FD972911EFF200A7D1E2 /* Frameworks */ = {
			isa = PBXFrameworksBuildPhase;
			buildActionMask = 2147483647;
			files = (
			);
			runOnlyForDeploymentPostprocessing = 0;
		};
		01F4FDA12911EFF200A7D1E2 /* Frameworks */ = {
			isa = PBXFrameworksBuildPhase;
			buildActionMask = 2147483647;
			files = (
			);
			runOnlyForDeploymentPostprocessing = 0;
		};
/* End PBXFrameworksBuildPhase section */

/* Begin PBXGroup section */
		011A20272917137E00C46D76 /* view */ = {
			isa = PBXGroup;
			children = (
				011A202E291713C200C46D76 /* SubViews */,
				011A20282917139600C46D76 /* Drawer.swift */,
				011A202A291713A000C46D76 /* Home.swift */,
				011A202C291713B200C46D76 /* MenuButton.swift */,
			);
			path = view;
			sourceTree = "<group>";
		};
		011A202E291713C200C46D76 /* SubViews */ = {
			isa = PBXGroup;
			children = (
				015E2F52291309A7004B4698 /* ListaCrearGastoView.swift */,
				011A2036291714F500C46D76 /* Cart.swift */,
				011A203A2917152F00C46D76 /* Favourites.swift */,
				011A203C2917153D00C46D76 /* Orders.swift */,
				011A204029171DFA00C46D76 /* ListaGastosView.swift */,
				011A204229172D4200C46D76 /* NewGasto.swift */,
				013C0F672919DF06005944E4 /* DetalleGastoView.swift */,
			);
			path = SubViews;
			sourceTree = "<group>";
		};
		011A202F291713D800C46D76 /* viewModel */ = {
			isa = PBXGroup;
			children = (
				011A2030291713EF00C46D76 /* MenuModel.swift */,
			);
			path = viewModel;
			sourceTree = "<group>";
		};
		01915A2D291DBF8900A72480 /* models */ = {
			isa = PBXGroup;
			children = (
				01915A2E291DBF9C00A72480 /* Configuration.swift */,
				01FB92C2291DD7F600468A26 /* CategoriaModel.swift */,
				01FB92C6291DECDA00468A26 /* GastoModel.swift */,
				01FB92C8291E04C400468A26 /* Persistencia.swift */,
			);
			path = models;
			sourceTree = "<group>";
		};
		01F4FD812911EFF100A7D1E2 = {
			isa = PBXGroup;
			children = (
				01F4FD8C2911EFF100A7D1E2 /* Venegas Tax Service */,
				01F4FD9D2911EFF200A7D1E2 /* Venegas Tax ServiceTests */,
				01F4FDA72911EFF200A7D1E2 /* Venegas Tax ServiceUITests */,
				01F4FD8B2911EFF100A7D1E2 /* Products */,
			);
			sourceTree = "<group>";
		};
		01F4FD8B2911EFF100A7D1E2 /* Products */ = {
			isa = PBXGroup;
			children = (
				01F4FD8A2911EFF100A7D1E2 /* Venegas Tax Service.app */,
				01F4FD9A2911EFF200A7D1E2 /* Venegas Tax ServiceTests.xctest */,
				01F4FDA42911EFF200A7D1E2 /* Venegas Tax ServiceUITests.xctest */,
			);
			name = Products;
			sourceTree = "<group>";
		};
		01F4FD8C2911EFF100A7D1E2 /* Venegas Tax Service */ = {
			isa = PBXGroup;
			children = (
				013CF5452921631000118E77 /* Venegas-Tax-Service-Info.plist */,
				01915A2D291DBF8900A72480 /* models */,
				011A202F291713D800C46D76 /* viewModel */,
				011A20272917137E00C46D76 /* view */,
				01F4FD8D2911EFF100A7D1E2 /* Venegas_Tax_ServiceApp.swift */,
				01F4FD912911EFF200A7D1E2 /* Assets.xcassets */,
				01F4FD932911EFF200A7D1E2 /* Preview Content */,
				01F4FDB72911F66A00A7D1E2 /* SplashScreenView.swift */,
				011ED577291225C200EE1FFD /* RegisterView.swift */,
				011ED5792912324800EE1FFD /* LoginView.swift */,
				011ED57B291232E700EE1FFD /* RecoveryPasswordView.swift */,
				011A20322917142700C46D76 /* ContentView.swift */,
			);
			path = "Venegas Tax Service";
			sourceTree = "<group>";
		};
		01F4FD932911EFF200A7D1E2 /* Preview Content */ = {
			isa = PBXGroup;
			children = (
				01F4FD942911EFF200A7D1E2 /* Preview Assets.xcassets */,
			);
			path = "Preview Content";
			sourceTree = "<group>";
		};
		01F4FD9D2911EFF200A7D1E2 /* Venegas Tax ServiceTests */ = {
			isa = PBXGroup;
			children = (
				01F4FD9E2911EFF200A7D1E2 /* Venegas_Tax_ServiceTests.swift */,
			);
			path = "Venegas Tax ServiceTests";
			sourceTree = "<group>";
		};
		01F4FDA72911EFF200A7D1E2 /* Venegas Tax ServiceUITests */ = {
			isa = PBXGroup;
			children = (
				01F4FDA82911EFF200A7D1E2 /* Venegas_Tax_ServiceUITests.swift */,
				01F4FDAA2911EFF200A7D1E2 /* Venegas_Tax_ServiceUITestsLaunchTests.swift */,
			);
			path = "Venegas Tax ServiceUITests";
			sourceTree = "<group>";
		};
/* End PBXGroup section */

/* Begin PBXNativeTarget section */
		01F4FD892911EFF100A7D1E2 /* Venegas Tax Service */ = {
			isa = PBXNativeTarget;
			buildConfigurationList = 01F4FDAE2911EFF200A7D1E2 /* Build configuration list for PBXNativeTarget "Venegas Tax Service" */;
			buildPhases = (
				01F4FD862911EFF100A7D1E2 /* Sources */,
				01F4FD872911EFF100A7D1E2 /* Frameworks */,
				01F4FD882911EFF100A7D1E2 /* Resources */,
			);
			buildRules = (
			);
			dependencies = (
			);
			name = "Venegas Tax Service";
			packageProductDependencies = (
				010530BC2920AC26001E3F69 /* Cloudinary */,
				013CF5402921498100118E77 /* AlertMessage */,
				013CF5432921627700118E77 /* Camera-SwiftUI */,
			);
			productName = "Venegas Tax Service";
			productReference = 01F4FD8A2911EFF100A7D1E2 /* Venegas Tax Service.app */;
			productType = "com.apple.product-type.application";
		};
		01F4FD992911EFF200A7D1E2 /* Venegas Tax ServiceTests */ = {
			isa = PBXNativeTarget;
			buildConfigurationList = 01F4FDB12911EFF200A7D1E2 /* Build configuration list for PBXNativeTarget "Venegas Tax ServiceTests" */;
			buildPhases = (
				01F4FD962911EFF200A7D1E2 /* Sources */,
				01F4FD972911EFF200A7D1E2 /* Frameworks */,
				01F4FD982911EFF200A7D1E2 /* Resources */,
			);
			buildRules = (
			);
			dependencies = (
				01F4FD9C2911EFF200A7D1E2 /* PBXTargetDependency */,
			);
			name = "Venegas Tax ServiceTests";
			productName = "Venegas Tax ServiceTests";
			productReference = 01F4FD9A2911EFF200A7D1E2 /* Venegas Tax ServiceTests.xctest */;
			productType = "com.apple.product-type.bundle.unit-test";
		};
		01F4FDA32911EFF200A7D1E2 /* Venegas Tax ServiceUITests */ = {
			isa = PBXNativeTarget;
			buildConfigurationList = 01F4FDB42911EFF200A7D1E2 /* Build configuration list for PBXNativeTarget "Venegas Tax ServiceUITests" */;
			buildPhases = (
				01F4FDA02911EFF200A7D1E2 /* Sources */,
				01F4FDA12911EFF200A7D1E2 /* Frameworks */,
				01F4FDA22911EFF200A7D1E2 /* Resources */,
			);
			buildRules = (
			);
			dependencies = (
				01F4FDA62911EFF200A7D1E2 /* PBXTargetDependency */,
			);
			name = "Venegas Tax ServiceUITests";
			productName = "Venegas Tax ServiceUITests";
			productReference = 01F4FDA42911EFF200A7D1E2 /* Venegas Tax ServiceUITests.xctest */;
			productType = "com.apple.product-type.bundle.ui-testing";
		};
/* End PBXNativeTarget section */

/* Begin PBXProject section */
		01F4FD822911EFF100A7D1E2 /* Project object */ = {
			isa = PBXProject;
			attributes = {
				BuildIndependentTargetsInParallel = 1;
				LastSwiftUpdateCheck = 1400;
				LastUpgradeCheck = 1400;
				TargetAttributes = {
					01F4FD892911EFF100A7D1E2 = {
						CreatedOnToolsVersion = 14.0.1;
					};
					01F4FD992911EFF200A7D1E2 = {
						CreatedOnToolsVersion = 14.0.1;
						TestTargetID = 01F4FD892911EFF100A7D1E2;
					};
					01F4FDA32911EFF200A7D1E2 = {
						CreatedOnToolsVersion = 14.0.1;
						TestTargetID = 01F4FD892911EFF100A7D1E2;
					};
				};
			};
			buildConfigurationList = 01F4FD852911EFF100A7D1E2 /* Build configuration list for PBXProject "Venegas Tax Service" */;
			compatibilityVersion = "Xcode 14.0";
			developmentRegion = en;
			hasScannedForEncodings = 0;
			knownRegions = (
				en,
				Base,
			);
			mainGroup = 01F4FD812911EFF100A7D1E2;
			packageReferences = (
				010530BB2920AC26001E3F69 /* XCRemoteSwiftPackageReference "cloudinary_ios" */,
				013CF53F2921498100118E77 /* XCRemoteSwiftPackageReference "AlertMessage" */,
				013CF5422921627700118E77 /* XCRemoteSwiftPackageReference "Camera-SwiftUI" */,
			);
			productRefGroup = 01F4FD8B2911EFF100A7D1E2 /* Products */;
			projectDirPath = "";
			projectRoot = "";
			targets = (
				01F4FD892911EFF100A7D1E2 /* Venegas Tax Service */,
				01F4FD992911EFF200A7D1E2 /* Venegas Tax ServiceTests */,
				01F4FDA32911EFF200A7D1E2 /* Venegas Tax ServiceUITests */,
			);
		};
/* End PBXProject section */

/* Begin PBXResourcesBuildPhase section */
		01F4FD882911EFF100A7D1E2 /* Resources */ = {
			isa = PBXResourcesBuildPhase;
			buildActionMask = 2147483647;
			files = (
				01F4FD952911EFF200A7D1E2 /* Preview Assets.xcassets in Resources */,
				01F4FD922911EFF200A7D1E2 /* Assets.xcassets in Resources */,
			);
			runOnlyForDeploymentPostprocessing = 0;
		};
		01F4FD982911EFF200A7D1E2 /* Resources */ = {
			isa = PBXResourcesBuildPhase;
			buildActionMask = 2147483647;
			files = (
			);
			runOnlyForDeploymentPostprocessing = 0;
		};
		01F4FDA22911EFF200A7D1E2 /* Resources */ = {
			isa = PBXResourcesBuildPhase;
			buildActionMask = 2147483647;
			files = (
			);
			runOnlyForDeploymentPostprocessing = 0;
		};
/* End PBXResourcesBuildPhase section */

/* Begin PBXSourcesBuildPhase section */
		01F4FD862911EFF100A7D1E2 /* Sources */ = {
			isa = PBXSourcesBuildPhase;
			buildActionMask = 2147483647;
			files = (
				011ED578291225C200EE1FFD /* RegisterView.swift in Sources */,
				011A204329172D4200C46D76 /* NewGasto.swift in Sources */,
				01FB92C7291DECDA00468A26 /* GastoModel.swift in Sources */,
				011A203B2917152F00C46D76 /* Favourites.swift in Sources */,
				011A20332917142700C46D76 /* ContentView.swift in Sources */,
				01FB92C9291E04C400468A26 /* Persistencia.swift in Sources */,
				01F4FD8E2911EFF100A7D1E2 /* Venegas_Tax_ServiceApp.swift in Sources */,
				011A204129171DFA00C46D76 /* ListaGastosView.swift in Sources */,
				011A2037291714F500C46D76 /* Cart.swift in Sources */,
				01FB92C3291DD7F600468A26 /* CategoriaModel.swift in Sources */,
				011A2031291713EF00C46D76 /* MenuModel.swift in Sources */,
				011ED57A2912324800EE1FFD /* LoginView.swift in Sources */,
				01F4FDB82911F66A00A7D1E2 /* SplashScreenView.swift in Sources */,
				011A203D2917153D00C46D76 /* Orders.swift in Sources */,
				011ED57C291232E700EE1FFD /* RecoveryPasswordView.swift in Sources */,
				01915A2F291DBF9C00A72480 /* Configuration.swift in Sources */,
				011A202D291713B200C46D76 /* MenuButton.swift in Sources */,
				013C0F682919DF06005944E4 /* DetalleGastoView.swift in Sources */,
				015E2F53291309A7004B4698 /* ListaCrearGastoView.swift in Sources */,
				011A202B291713A000C46D76 /* Home.swift in Sources */,
				011A20292917139600C46D76 /* Drawer.swift in Sources */,
			);
			runOnlyForDeploymentPostprocessing = 0;
		};
		01F4FD962911EFF200A7D1E2 /* Sources */ = {
			isa = PBXSourcesBuildPhase;
			buildActionMask = 2147483647;
			files = (
				01F4FD9F2911EFF200A7D1E2 /* Venegas_Tax_ServiceTests.swift in Sources */,
			);
			runOnlyForDeploymentPostprocessing = 0;
		};
		01F4FDA02911EFF200A7D1E2 /* Sources */ = {
			isa = PBXSourcesBuildPhase;
			buildActionMask = 2147483647;
			files = (
				01F4FDAB2911EFF200A7D1E2 /* Venegas_Tax_ServiceUITestsLaunchTests.swift in Sources */,
				01F4FDA92911EFF200A7D1E2 /* Venegas_Tax_ServiceUITests.swift in Sources */,
			);
			runOnlyForDeploymentPostprocessing = 0;
		};
/* End PBXSourcesBuildPhase section */

/* Begin PBXTargetDependency section */
		01F4FD9C2911EFF200A7D1E2 /* PBXTargetDependency */ = {
			isa = PBXTargetDependency;
			target = 01F4FD892911EFF100A7D1E2 /* Venegas Tax Service */;
			targetProxy = 01F4FD9B2911EFF200A7D1E2 /* PBXContainerItemProxy */;
		};
		01F4FDA62911EFF200A7D1E2 /* PBXTargetDependency */ = {
			isa = PBXTargetDependency;
			target = 01F4FD892911EFF100A7D1E2 /* Venegas Tax Service */;
			targetProxy = 01F4FDA52911EFF200A7D1E2 /* PBXContainerItemProxy */;
		};
/* End PBXTargetDependency section */

/* Begin XCBuildConfiguration section */
		01F4FDAC2911EFF200A7D1E2 /* Debug */ = {
			isa = XCBuildConfiguration;
			buildSettings = {
				ALWAYS_SEARCH_USER_PATHS = NO;
				CLANG_ANALYZER_NONNULL = YES;
				CLANG_ANALYZER_NUMBER_OBJECT_CONVERSION = YES_AGGRESSIVE;
				CLANG_CXX_LANGUAGE_STANDARD = "gnu++20";
				CLANG_ENABLE_MODULES = YES;
				CLANG_ENABLE_OBJC_ARC = YES;
				CLANG_ENABLE_OBJC_WEAK = YES;
				CLANG_WARN_BLOCK_CAPTURE_AUTORELEASING = YES;
				CLANG_WARN_BOOL_CONVERSION = YES;
				CLANG_WARN_COMMA = YES;
				CLANG_WARN_CONSTANT_CONVERSION = YES;
				CLANG_WARN_DEPRECATED_OBJC_IMPLEMENTATIONS = YES;
				CLANG_WARN_DIRECT_OBJC_ISA_USAGE = YES_ERROR;
				CLANG_WARN_DOCUMENTATION_COMMENTS = YES;
				CLANG_WARN_EMPTY_BODY = YES;
				CLANG_WARN_ENUM_CONVERSION = YES;
				CLANG_WARN_INFINITE_RECURSION = YES;
				CLANG_WARN_INT_CONVERSION = YES;
				CLANG_WARN_NON_LITERAL_NULL_CONVERSION = YES;
				CLANG_WARN_OBJC_IMPLICIT_RETAIN_SELF = YES;
				CLANG_WARN_OBJC_LITERAL_CONVERSION = YES;
				CLANG_WARN_OBJC_ROOT_CLASS = YES_ERROR;
				CLANG_WARN_QUOTED_INCLUDE_IN_FRAMEWORK_HEADER = YES;
				CLANG_WARN_RANGE_LOOP_ANALYSIS = YES;
				CLANG_WARN_STRICT_PROTOTYPES = YES;
				CLANG_WARN_SUSPICIOUS_MOVE = YES;
				CLANG_WARN_UNGUARDED_AVAILABILITY = YES_AGGRESSIVE;
				CLANG_WARN_UNREACHABLE_CODE = YES;
				CLANG_WARN__DUPLICATE_METHOD_MATCH = YES;
				COPY_PHASE_STRIP = NO;
				DEBUG_INFORMATION_FORMAT = dwarf;
				ENABLE_STRICT_OBJC_MSGSEND = YES;
				ENABLE_TESTABILITY = YES;
				GCC_C_LANGUAGE_STANDARD = gnu11;
				GCC_DYNAMIC_NO_PIC = NO;
				GCC_NO_COMMON_BLOCKS = YES;
				GCC_OPTIMIZATION_LEVEL = 0;
				GCC_PREPROCESSOR_DEFINITIONS = (
					"DEBUG=1",
					"$(inherited)",
				);
				GCC_WARN_64_TO_32_BIT_CONVERSION = YES;
				GCC_WARN_ABOUT_RETURN_TYPE = YES_ERROR;
				GCC_WARN_UNDECLARED_SELECTOR = YES;
				GCC_WARN_UNINITIALIZED_AUTOS = YES_AGGRESSIVE;
				GCC_WARN_UNUSED_FUNCTION = YES;
				GCC_WARN_UNUSED_VARIABLE = YES;
				IPHONEOS_DEPLOYMENT_TARGET = 16.0;
				MTL_ENABLE_DEBUG_INFO = INCLUDE_SOURCE;
				MTL_FAST_MATH = YES;
				ONLY_ACTIVE_ARCH = YES;
				SDKROOT = iphoneos;
				SWIFT_ACTIVE_COMPILATION_CONDITIONS = DEBUG;
				SWIFT_OPTIMIZATION_LEVEL = "-Onone";
			};
			name = Debug;
		};
		01F4FDAD2911EFF200A7D1E2 /* Release */ = {
			isa = XCBuildConfiguration;
			buildSettings = {
				ALWAYS_SEARCH_USER_PATHS = NO;
				CLANG_ANALYZER_NONNULL = YES;
				CLANG_ANALYZER_NUMBER_OBJECT_CONVERSION = YES_AGGRESSIVE;
				CLANG_CXX_LANGUAGE_STANDARD = "gnu++20";
				CLANG_ENABLE_MODULES = YES;
				CLANG_ENABLE_OBJC_ARC = YES;
				CLANG_ENABLE_OBJC_WEAK = YES;
				CLANG_WARN_BLOCK_CAPTURE_AUTORELEASING = YES;
				CLANG_WARN_BOOL_CONVERSION = YES;
				CLANG_WARN_COMMA = YES;
				CLANG_WARN_CONSTANT_CONVERSION = YES;
				CLANG_WARN_DEPRECATED_OBJC_IMPLEMENTATIONS = YES;
				CLANG_WARN_DIRECT_OBJC_ISA_USAGE = YES_ERROR;
				CLANG_WARN_DOCUMENTATION_COMMENTS = YES;
				CLANG_WARN_EMPTY_BODY = YES;
				CLANG_WARN_ENUM_CONVERSION = YES;
				CLANG_WARN_INFINITE_RECURSION = YES;
				CLANG_WARN_INT_CONVERSION = YES;
				CLANG_WARN_NON_LITERAL_NULL_CONVERSION = YES;
				CLANG_WARN_OBJC_IMPLICIT_RETAIN_SELF = YES;
				CLANG_WARN_OBJC_LITERAL_CONVERSION = YES;
				CLANG_WARN_OBJC_ROOT_CLASS = YES_ERROR;
				CLANG_WARN_QUOTED_INCLUDE_IN_FRAMEWORK_HEADER = YES;
				CLANG_WARN_RANGE_LOOP_ANALYSIS = YES;
				CLANG_WARN_STRICT_PROTOTYPES = YES;
				CLANG_WARN_SUSPICIOUS_MOVE = YES;
				CLANG_WARN_UNGUARDED_AVAILABILITY = YES_AGGRESSIVE;
				CLANG_WARN_UNREACHABLE_CODE = YES;
				CLANG_WARN__DUPLICATE_METHOD_MATCH = YES;
				COPY_PHASE_STRIP = NO;
				DEBUG_INFORMATION_FORMAT = "dwarf-with-dsym";
				ENABLE_NS_ASSERTIONS = NO;
				ENABLE_STRICT_OBJC_MSGSEND = YES;
				GCC_C_LANGUAGE_STANDARD = gnu11;
				GCC_NO_COMMON_BLOCKS = YES;
				GCC_WARN_64_TO_32_BIT_CONVERSION = YES;
				GCC_WARN_ABOUT_RETURN_TYPE = YES_ERROR;
				GCC_WARN_UNDECLARED_SELECTOR = YES;
				GCC_WARN_UNINITIALIZED_AUTOS = YES_AGGRESSIVE;
				GCC_WARN_UNUSED_FUNCTION = YES;
				GCC_WARN_UNUSED_VARIABLE = YES;
				IPHONEOS_DEPLOYMENT_TARGET = 16.0;
				MTL_ENABLE_DEBUG_INFO = NO;
				MTL_FAST_MATH = YES;
				SDKROOT = iphoneos;
				SWIFT_COMPILATION_MODE = wholemodule;
				SWIFT_OPTIMIZATION_LEVEL = "-O";
				VALIDATE_PRODUCT = YES;
			};
			name = Release;
		};
		01F4FDAF2911EFF200A7D1E2 /* Debug */ = {
			isa = XCBuildConfiguration;
			buildSettings = {
				ASSETCATALOG_COMPILER_APPICON_NAME = AppIcon;
				ASSETCATALOG_COMPILER_GLOBAL_ACCENT_COLOR_NAME = AccentColor;
				CODE_SIGN_STYLE = Automatic;
				CURRENT_PROJECT_VERSION = 1;
				DEVELOPMENT_ASSET_PATHS = "\"Venegas Tax Service/Preview Content\"";
				DEVELOPMENT_TEAM = 3FDQJ6YC47;
				ENABLE_PREVIEWS = YES;
				GENERATE_INFOPLIST_FILE = YES;
				INFOPLIST_FILE = "Venegas-Tax-Service-Info.plist";
				INFOPLIST_KEY_UIApplicationSceneManifest_Generation = YES;
				INFOPLIST_KEY_UIApplicationSupportsIndirectInputEvents = YES;
				INFOPLIST_KEY_UILaunchScreen_Generation = YES;
				INFOPLIST_KEY_UISupportedInterfaceOrientations_iPad = "UIInterfaceOrientationPortrait UIInterfaceOrientationPortraitUpsideDown UIInterfaceOrientationLandscapeLeft UIInterfaceOrientationLandscapeRight";
				INFOPLIST_KEY_UISupportedInterfaceOrientations_iPhone = "UIInterfaceOrientationPortrait UIInterfaceOrientationLandscapeLeft UIInterfaceOrientationLandscapeRight";
				LD_RUNPATH_SEARCH_PATHS = (
					"$(inherited)",
					"@executable_path/Frameworks",
				);
				MARKETING_VERSION = 1.0;
				PRODUCT_BUNDLE_IDENTIFIER = "vc7.Venegas-Tax-Service";
				PRODUCT_NAME = "$(TARGET_NAME)";
				SWIFT_EMIT_LOC_STRINGS = YES;
				SWIFT_VERSION = 5.0;
				TARGETED_DEVICE_FAMILY = "1,2";
			};
			name = Debug;
		};
		01F4FDB02911EFF200A7D1E2 /* Release */ = {
			isa = XCBuildConfiguration;
			buildSettings = {
				ASSETCATALOG_COMPILER_APPICON_NAME = AppIcon;
				ASSETCATALOG_COMPILER_GLOBAL_ACCENT_COLOR_NAME = AccentColor;
				CODE_SIGN_STYLE = Automatic;
				CURRENT_PROJECT_VERSION = 1;
				DEVELOPMENT_ASSET_PATHS = "\"Venegas Tax Service/Preview Content\"";
				DEVELOPMENT_TEAM = 3FDQJ6YC47;
				ENABLE_PREVIEWS = YES;
				GENERATE_INFOPLIST_FILE = YES;
				INFOPLIST_FILE = "Venegas-Tax-Service-Info.plist";
				INFOPLIST_KEY_UIApplicationSceneManifest_Generation = YES;
				INFOPLIST_KEY_UIApplicationSupportsIndirectInputEvents = YES;
				INFOPLIST_KEY_UILaunchScreen_Generation = YES;
				INFOPLIST_KEY_UISupportedInterfaceOrientations_iPad = "UIInterfaceOrientationPortrait UIInterfaceOrientationPortraitUpsideDown UIInterfaceOrientationLandscapeLeft UIInterfaceOrientationLandscapeRight";
				INFOPLIST_KEY_UISupportedInterfaceOrientations_iPhone = "UIInterfaceOrientationPortrait UIInterfaceOrientationLandscapeLeft UIInterfaceOrientationLandscapeRight";
				LD_RUNPATH_SEARCH_PATHS = (
					"$(inherited)",
					"@executable_path/Frameworks",
				);
				MARKETING_VERSION = 1.0;
				PRODUCT_BUNDLE_IDENTIFIER = "vc7.Venegas-Tax-Service";
				PRODUCT_NAME = "$(TARGET_NAME)";
				SWIFT_EMIT_LOC_STRINGS = YES;
				SWIFT_VERSION = 5.0;
				TARGETED_DEVICE_FAMILY = "1,2";
			};
			name = Release;
		};
		01F4FDB22911EFF200A7D1E2 /* Debug */ = {
			isa = XCBuildConfiguration;
			buildSettings = {
				ALWAYS_EMBED_SWIFT_STANDARD_LIBRARIES = YES;
				BUNDLE_LOADER = "$(TEST_HOST)";
				CODE_SIGN_STYLE = Automatic;
				CURRENT_PROJECT_VERSION = 1;
				DEVELOPMENT_TEAM = 3FDQJ6YC47;
				GENERATE_INFOPLIST_FILE = YES;
				IPHONEOS_DEPLOYMENT_TARGET = 16.0;
				MARKETING_VERSION = 1.0;
				PRODUCT_BUNDLE_IDENTIFIER = "vc7.Venegas-Tax-ServiceTests";
				PRODUCT_NAME = "$(TARGET_NAME)";
				SWIFT_EMIT_LOC_STRINGS = NO;
				SWIFT_VERSION = 5.0;
				TARGETED_DEVICE_FAMILY = "1,2";
				TEST_HOST = "$(BUILT_PRODUCTS_DIR)/Venegas Tax Service.app/$(BUNDLE_EXECUTABLE_FOLDER_PATH)/Venegas Tax Service";
			};
			name = Debug;
		};
		01F4FDB32911EFF200A7D1E2 /* Release */ = {
			isa = XCBuildConfiguration;
			buildSettings = {
				ALWAYS_EMBED_SWIFT_STANDARD_LIBRARIES = YES;
				BUNDLE_LOADER = "$(TEST_HOST)";
				CODE_SIGN_STYLE = Automatic;
				CURRENT_PROJECT_VERSION = 1;
				DEVELOPMENT_TEAM = 3FDQJ6YC47;
				GENERATE_INFOPLIST_FILE = YES;
				IPHONEOS_DEPLOYMENT_TARGET = 16.0;
				MARKETING_VERSION = 1.0;
				PRODUCT_BUNDLE_IDENTIFIER = "vc7.Venegas-Tax-ServiceTests";
				PRODUCT_NAME = "$(TARGET_NAME)";
				SWIFT_EMIT_LOC_STRINGS = NO;
				SWIFT_VERSION = 5.0;
				TARGETED_DEVICE_FAMILY = "1,2";
				TEST_HOST = "$(BUILT_PRODUCTS_DIR)/Venegas Tax Service.app/$(BUNDLE_EXECUTABLE_FOLDER_PATH)/Venegas Tax Service";
			};
			name = Release;
		};
		01F4FDB52911EFF200A7D1E2 /* Debug */ = {
			isa = XCBuildConfiguration;
			buildSettings = {
				ALWAYS_EMBED_SWIFT_STANDARD_LIBRARIES = YES;
				CODE_SIGN_STYLE = Automatic;
				CURRENT_PROJECT_VERSION = 1;
				DEVELOPMENT_TEAM = 3FDQJ6YC47;
				GENERATE_INFOPLIST_FILE = YES;
				MARKETING_VERSION = 1.0;
				PRODUCT_BUNDLE_IDENTIFIER = "vc7.Venegas-Tax-ServiceUITests";
				PRODUCT_NAME = "$(TARGET_NAME)";
				SWIFT_EMIT_LOC_STRINGS = NO;
				SWIFT_VERSION = 5.0;
				TARGETED_DEVICE_FAMILY = "1,2";
				TEST_TARGET_NAME = "Venegas Tax Service";
			};
			name = Debug;
		};
		01F4FDB62911EFF200A7D1E2 /* Release */ = {
			isa = XCBuildConfiguration;
			buildSettings = {
				ALWAYS_EMBED_SWIFT_STANDARD_LIBRARIES = YES;
				CODE_SIGN_STYLE = Automatic;
				CURRENT_PROJECT_VERSION = 1;
				DEVELOPMENT_TEAM = 3FDQJ6YC47;
				GENERATE_INFOPLIST_FILE = YES;
				MARKETING_VERSION = 1.0;
				PRODUCT_BUNDLE_IDENTIFIER = "vc7.Venegas-Tax-ServiceUITests";
				PRODUCT_NAME = "$(TARGET_NAME)";
				SWIFT_EMIT_LOC_STRINGS = NO;
				SWIFT_VERSION = 5.0;
				TARGETED_DEVICE_FAMILY = "1,2";
				TEST_TARGET_NAME = "Venegas Tax Service";
			};
			name = Release;
		};
/* End XCBuildConfiguration section */

/* Begin XCConfigurationList section */
		01F4FD852911EFF100A7D1E2 /* Build configuration list for PBXProject "Venegas Tax Service" */ = {
			isa = XCConfigurationList;
			buildConfigurations = (
				01F4FDAC2911EFF200A7D1E2 /* Debug */,
				01F4FDAD2911EFF200A7D1E2 /* Release */,
			);
			defaultConfigurationIsVisible = 0;
			defaultConfigurationName = Release;
		};
		01F4FDAE2911EFF200A7D1E2 /* Build configuration list for PBXNativeTarget "Venegas Tax Service" */ = {
			isa = XCConfigurationList;
			buildConfigurations = (
				01F4FDAF2911EFF200A7D1E2 /* Debug */,
				01F4FDB02911EFF200A7D1E2 /* Release */,
			);
			defaultConfigurationIsVisible = 0;
			defaultConfigurationName = Release;
		};
		01F4FDB12911EFF200A7D1E2 /* Build configuration list for PBXNativeTarget "Venegas Tax ServiceTests" */ = {
			isa = XCConfigurationList;
			buildConfigurations = (
				01F4FDB22911EFF200A7D1E2 /* Debug */,
				01F4FDB32911EFF200A7D1E2 /* Release */,
			);
			defaultConfigurationIsVisible = 0;
			defaultConfigurationName = Release;
		};
		01F4FDB42911EFF200A7D1E2 /* Build configuration list for PBXNativeTarget "Venegas Tax ServiceUITests" */ = {
			isa = XCConfigurationList;
			buildConfigurations = (
				01F4FDB52911EFF200A7D1E2 /* Debug */,
				01F4FDB62911EFF200A7D1E2 /* Release */,
			);
			defaultConfigurationIsVisible = 0;
			defaultConfigurationName = Release;
		};
/* End XCConfigurationList section */

/* Begin XCRemoteSwiftPackageReference section */
		010530BB2920AC26001E3F69 /* XCRemoteSwiftPackageReference "cloudinary_ios" */ = {
			isa = XCRemoteSwiftPackageReference;
			repositoryURL = "https://github.com/cloudinary/cloudinary_ios.git";
			requirement = {
				kind = upToNextMajorVersion;
				minimumVersion = 3.0.0;
			};
		};
		013CF53F2921498100118E77 /* XCRemoteSwiftPackageReference "AlertMessage" */ = {
			isa = XCRemoteSwiftPackageReference;
			repositoryURL = "https://github.com/danielkmarks23/AlertMessage.git";
			requirement = {
				kind = upToNextMajorVersion;
				minimumVersion = 1.0.0;
			};
		};
		013CF5422921627700118E77 /* XCRemoteSwiftPackageReference "Camera-SwiftUI" */ = {
			isa = XCRemoteSwiftPackageReference;
			repositoryURL = "https://github.com/rorodriguez116/Camera-SwiftUI.git";
			requirement = {
				kind = upToNextMajorVersion;
				minimumVersion = 0.5.0;
			};
		};
/* End XCRemoteSwiftPackageReference section */

/* Begin XCSwiftPackageProductDependency section */
		010530BC2920AC26001E3F69 /* Cloudinary */ = {
			isa = XCSwiftPackageProductDependency;
			package = 010530BB2920AC26001E3F69 /* XCRemoteSwiftPackageReference "cloudinary_ios" */;
			productName = Cloudinary;
		};
		013CF5402921498100118E77 /* AlertMessage */ = {
			isa = XCSwiftPackageProductDependency;
			package = 013CF53F2921498100118E77 /* XCRemoteSwiftPackageReference "AlertMessage" */;
			productName = AlertMessage;
		};
		013CF5432921627700118E77 /* Camera-SwiftUI */ = {
			isa = XCSwiftPackageProductDependency;
			package = 013CF5422921627700118E77 /* XCRemoteSwiftPackageReference "Camera-SwiftUI" */;
			productName = "Camera-SwiftUI";
		};
/* End XCSwiftPackageProductDependency section */
	};
	rootObject = 01F4FD822911EFF100A7D1E2 /* Project object */;
}
